// !$*UTF8*$!
{
	archiveVersion = 1;
	classes = {
	};
	objectVersion = 46;
	objects = {

/* Begin PBXBuildFile section */
		94FAC3671A56800C00D33F76 /* AppDelegate.swift in Sources */ = {isa = PBXBuildFile; fileRef = 94FAC3661A56800C00D33F76 /* AppDelegate.swift */; };
		94FAC3691A56800C00D33F76 /* ViewController.swift in Sources */ = {isa = PBXBuildFile; fileRef = 94FAC3681A56800C00D33F76 /* ViewController.swift */; };
		94FAC36C1A56800C00D33F76 /* Main.storyboard in Resources */ = {isa = PBXBuildFile; fileRef = 94FAC36A1A56800C00D33F76 /* Main.storyboard */; };
		94FAC36E1A56800C00D33F76 /* Images.xcassets in Resources */ = {isa = PBXBuildFile; fileRef = 94FAC36D1A56800C00D33F76 /* Images.xcassets */; };
		94FAC3711A56800C00D33F76 /* LaunchScreen.xib in Resources */ = {isa = PBXBuildFile; fileRef = 94FAC36F1A56800C00D33F76 /* LaunchScreen.xib */; };
		94FAC37D1A56800C00D33F76 /* gamecenterTests.swift in Sources */ = {isa = PBXBuildFile; fileRef = 94FAC37C1A56800C00D33F76 /* gamecenterTests.swift */; };
/* End PBXBuildFile section */

/* Begin PBXContainerItemProxy section */
		94FAC3771A56800C00D33F76 /* PBXContainerItemProxy */ = {
			isa = PBXContainerItemProxy;
			containerPortal = 94FAC3591A56800C00D33F76 /* Project object */;
			proxyType = 1;
			remoteGlobalIDString = 94FAC3601A56800C00D33F76;
			remoteInfo = gamecenter;
		};
/* End PBXContainerItemProxy section */

/* Begin PBXFileReference section */
		94FAC3611A56800C00D33F76 /* gamecenter.app */ = {isa = PBXFileReference; explicitFileType = wrapper.application; includeInIndex = 0; path = gamecenter.app; sourceTree = BUILT_PRODUCTS_DIR; };
		94FAC3651A56800C00D33F76 /* Info.plist */ = {isa = PBXFileReference; lastKnownFileType = text.plist.xml; path = Info.plist; sourceTree = "<group>"; };
		94FAC3661A56800C00D33F76 /* AppDelegate.swift */ = {isa = PBXFileReference; lastKnownFileType = sourcecode.swift; path = AppDelegate.swift; sourceTree = "<group>"; };
		94FAC3681A56800C00D33F76 /* ViewController.swift */ = {isa = PBXFileReference; lastKnownFileType = sourcecode.swift; path = ViewController.swift; sourceTree = "<group>"; };
		94FAC36B1A56800C00D33F76 /* Base */ = {isa = PBXFileReference; lastKnownFileType = file.storyboard; name = Base; path = Base.lproj/Main.storyboard; sourceTree = "<group>"; };
		94FAC36D1A56800C00D33F76 /* Images.xcassets */ = {isa = PBXFileReference; lastKnownFileType = folder.assetcatalog; path = Images.xcassets; sourceTree = "<group>"; };
		94FAC3701A56800C00D33F76 /* Base */ = {isa = PBXFileReference; lastKnownFileType = file.xib; name = Base; path = Base.lproj/LaunchScreen.xib; sourceTree = "<group>"; };
		94FAC3761A56800C00D33F76 /* gamecenterTests.xctest */ = {isa = PBXFileReference; explicitFileType = wrapper.cfbundle; includeInIndex = 0; path = gamecenterTests.xctest; sourceTree = BUILT_PRODUCTS_DIR; };
		94FAC37B1A56800C00D33F76 /* Info.plist */ = {isa = PBXFileReference; lastKnownFileType = text.plist.xml; path = Info.plist; sourceTree = "<group>"; };
		94FAC37C1A56800C00D33F76 /* gamecenterTests.swift */ = {isa = PBXFileReference; lastKnownFileType = sourcecode.swift; path = gamecenterTests.swift; sourceTree = "<group>"; };
/* End PBXFileReference section */

/* Begin PBXFrameworksBuildPhase section */
		94FAC35E1A56800C00D33F76 /* Frameworks */ = {
			isa = PBXFrameworksBuildPhase;
			buildActionMask = 2147483647;
			files = (
			);
			runOnlyForDeploymentPostprocessing = 0;
		};
		94FAC3731A56800C00D33F76 /* Frameworks */ = {
			isa = PBXFrameworksBuildPhase;
			buildActionMask = 2147483647;
			files = (
			);
			runOnlyForDeploymentPostprocessing = 0;
		};
/* End PBXFrameworksBuildPhase section */

/* Begin PBXGroup section */
		94FAC3581A56800C00D33F76 = {
			isa = PBXGroup;
			children = (
				94FAC3631A56800C00D33F76 /* gamecenter */,
				94FAC3791A56800C00D33F76 /* gamecenterTests */,
				94FAC3621A56800C00D33F76 /* Products */,
			);
			sourceTree = "<group>";
		};
		94FAC3621A56800C00D33F76 /* Products */ = {
			isa = PBXGroup;
			children = (
				94FAC3611A56800C00D33F76 /* gamecenter.app */,
				94FAC3761A56800C00D33F76 /* gamecenterTests.xctest */,
			);
			name = Products;
			sourceTree = "<group>";
		};
		94FAC3631A56800C00D33F76 /* gamecenter */ = {
			isa = PBXGroup;
			children = (
				94FAC3661A56800C00D33F76 /* AppDelegate.swift */,
				94FAC3681A56800C00D33F76 /* ViewController.swift */,
				94FAC36A1A56800C00D33F76 /* Main.storyboard */,
				94FAC36D1A56800C00D33F76 /* Images.xcassets */,
				94FAC36F1A56800C00D33F76 /* LaunchScreen.xib */,
				94FAC3641A56800C00D33F76 /* Supporting Files */,
			);
			path = gamecenter;
			sourceTree = "<group>";
		};
		94FAC3641A56800C00D33F76 /* Supporting Files */ = {
			isa = PBXGroup;
			children = (
				94FAC3651A56800C00D33F76 /* Info.plist */,
			);
			name = "Supporting Files";
			sourceTree = "<group>";
		};
		94FAC3791A56800C00D33F76 /* gamecenterTests */ = {
			isa = PBXGroup;
			children = (
				94FAC37C1A56800C00D33F76 /* gamecenterTests.swift */,
				94FAC37A1A56800C00D33F76 /* Supporting Files */,
			);
			path = gamecenterTests;
			sourceTree = "<group>";
		};
		94FAC37A1A56800C00D33F76 /* Supporting Files */ = {
			isa = PBXGroup;
			children = (
				94FAC37B1A56800C00D33F76 /* Info.plist */,
			);
			name = "Supporting Files";
			sourceTree = "<group>";
		};
/* End PBXGroup section */

/* Begin PBXNativeTarget section */
		94FAC3601A56800C00D33F76 /* gamecenter */ = {
			isa = PBXNativeTarget;
			buildConfigurationList = 94FAC3801A56800C00D33F76 /* Build configuration list for PBXNativeTarget "gamecenter" */;
			buildPhases = (
				94FAC35D1A56800C00D33F76 /* Sources */,
				94FAC35E1A56800C00D33F76 /* Frameworks */,
				94FAC35F1A56800C00D33F76 /* Resources */,
			);
			buildRules = (
			);
			dependencies = (
			);
			name = gamecenter;
			productName = gamecenter;
			productReference = 94FAC3611A56800C00D33F76 /* gamecenter.app */;
			productType = "com.apple.product-type.application";
		};
		94FAC3751A56800C00D33F76 /* gamecenterTests */ = {
			isa = PBXNativeTarget;
			buildConfigurationList = 94FAC3831A56800C00D33F76 /* Build configuration list for PBXNativeTarget "gamecenterTests" */;
			buildPhases = (
				94FAC3721A56800C00D33F76 /* Sources */,
				94FAC3731A56800C00D33F76 /* Frameworks */,
				94FAC3741A56800C00D33F76 /* Resources */,
			);
			buildRules = (
			);
			dependencies = (
				94FAC3781A56800C00D33F76 /* PBXTargetDependency */,
			);
			name = gamecenterTests;
			productName = gamecenterTests;
			productReference = 94FAC3761A56800C00D33F76 /* gamecenterTests.xctest */;
			productType = "com.apple.product-type.bundle.unit-test";
		};
/* End PBXNativeTarget section */

/* Begin PBXProject section */
		94FAC3591A56800C00D33F76 /* Project object */ = {
			isa = PBXProject;
			attributes = {
				LastUpgradeCheck = 0610;
				ORGANIZATIONNAME = Seemu;
				TargetAttributes = {
					94FAC3601A56800C00D33F76 = {
						CreatedOnToolsVersion = 6.1.1;
					};
					94FAC3751A56800C00D33F76 = {
						CreatedOnToolsVersion = 6.1.1;
						TestTargetID = 94FAC3601A56800C00D33F76;
					};
				};
			};
			buildConfigurationList = 94FAC35C1A56800C00D33F76 /* Build configuration list for PBXProject "gamecenter" */;
			compatibilityVersion = "Xcode 3.2";
			developmentRegion = English;
			hasScannedForEncodings = 0;
			knownRegions = (
				en,
				Base,
			);
			mainGroup = 94FAC3581A56800C00D33F76;
			productRefGroup = 94FAC3621A56800C00D33F76 /* Products */;
			projectDirPath = "";
			projectRoot = "";
			targets = (
				94FAC3601A56800C00D33F76 /* gamecenter */,
				94FAC3751A56800C00D33F76 /* gamecenterTests */,
			);
		};
/* End PBXProject section */

/* Begin PBXResourcesBuildPhase section */
		94FAC35F1A56800C00D33F76 /* Resources */ = {
			isa = PBXResourcesBuildPhase;
			buildActionMask = 2147483647;
			files = (
				94FAC36C1A56800C00D33F76 /* Main.storyboard in Resources */,
				94FAC3711A56800C00D33F76 /* LaunchScreen.xib in Resources */,
				94FAC36E1A56800C00D33F76 /* Images.xcassets in Resources */,
			);
			runOnlyForDeploymentPostprocessing = 0;
		};
		94FAC3741A56800C00D33F76 /* Resources */ = {
			isa = PBXResourcesBuildPhase;
			buildActionMask = 2147483647;
			files = (
			);
			runOnlyForDeploymentPostprocessing = 0;
		};
/* End PBXResourcesBuildPhase section */

/* Begin PBXSourcesBuildPhase section */
		94FAC35D1A56800C00D33F76 /* Sources */ = {
			isa = PBXSourcesBuildPhase;
			buildActionMask = 2147483647;
			files = (
				94FAC3691A56800C00D33F76 /* ViewController.swift in Sources */,
				94FAC3671A56800C00D33F76 /* AppDelegate.swift in Sources */,
			);
			runOnlyForDeploymentPostprocessing = 0;
		};
		94FAC3721A56800C00D33F76 /* Sources */ = {
			isa = PBXSourcesBuildPhase;
			buildActionMask = 2147483647;
			files = (
				94FAC37D1A56800C00D33F76 /* gamecenterTests.swift in Sources */,
			);
			runOnlyForDeploymentPostprocessing = 0;
		};
/* End PBXSourcesBuildPhase section */

/* Begin PBXTargetDependency section */
		94FAC3781A56800C00D33F76 /* PBXTargetDependency */ = {
			isa = PBXTargetDependency;
			target = 94FAC3601A56800C00D33F76 /* gamecenter */;
			targetProxy = 94FAC3771A56800C00D33F76 /* PBXContainerItemProxy */;
		};
/* End PBXTargetDependency section */

/* Begin PBXVariantGroup section */
		94FAC36A1A56800C00D33F76 /* Main.storyboard */ = {
			isa = PBXVariantGroup;
			children = (
				94FAC36B1A56800C00D33F76 /* Base */,
			);
			name = Main.storyboard;
			sourceTree = "<group>";
		};
		94FAC36F1A56800C00D33F76 /* LaunchScreen.xib */ = {
			isa = PBXVariantGroup;
			children = (
				94FAC3701A56800C00D33F76 /* Base */,
			);
			name = LaunchScreen.xib;
			sourceTree = "<group>";
		};
/* End PBXVariantGroup section */

/* Begin XCBuildConfiguration section */
		94FAC37E1A56800C00D33F76 /* Debug */ = {
			isa = XCBuildConfiguration;
			buildSettings = {
				ALWAYS_SEARCH_USER_PATHS = NO;
				CLANG_CXX_LANGUAGE_STANDARD = "gnu++0x";
				CLANG_CXX_LIBRARY = "libc++";
				CLANG_ENABLE_MODULES = YES;
				CLANG_ENABLE_OBJC_ARC = YES;
				CLANG_WARN_BOOL_CONVERSION = YES;
				CLANG_WARN_CONSTANT_CONVERSION = YES;
				CLANG_WARN_DIRECT_OBJC_ISA_USAGE = YES_ERROR;
				CLANG_WARN_EMPTY_BODY = YES;
				CLANG_WARN_ENUM_CONVERSION = YES;
				CLANG_WARN_INT_CONVERSION = YES;
				CLANG_WARN_OBJC_ROOT_CLASS = YES_ERROR;
				CLANG_WARN_UNREACHABLE_CODE = YES;
				CLANG_WARN__DUPLICATE_METHOD_MATCH = YES;
				"CODE_SIGN_IDENTITY[sdk=iphoneos*]" = "iPhone Developer";
				COPY_PHASE_STRIP = NO;
				ENABLE_STRICT_OBJC_MSGSEND = YES;
				GCC_C_LANGUAGE_STANDARD = gnu99;
				GCC_DYNAMIC_NO_PIC = NO;
				GCC_OPTIMIZATION_LEVEL = 0;
				GCC_PREPROCESSOR_DEFINITIONS = (
					"DEBUG=1",
					"$(inherited)",
				);
				GCC_SYMBOLS_PRIVATE_EXTERN = NO;
				GCC_WARN_64_TO_32_BIT_CONVERSION = YES;
				GCC_WARN_ABOUT_RETURN_TYPE = YES_ERROR;
				GCC_WARN_UNDECLARED_SELECTOR = YES;
				GCC_WARN_UNINITIALIZED_AUTOS = YES_AGGRESSIVE;
				GCC_WARN_UNUSED_FUNCTION = YES;
				GCC_WARN_UNUSED_VARIABLE = YES;
				IPHONEOS_DEPLOYMENT_TARGET = 8.1;
				MTL_ENABLE_DEBUG_INFO = YES;
				ONLY_ACTIVE_ARCH = YES;
				SDKROOT = iphoneos;
				SWIFT_OPTIMIZATION_LEVEL = "-Onone";
			};
			name = Debug;
		};
		94FAC37F1A56800C00D33F76 /* Release */ = {
			isa = XCBuildConfiguration;
			buildSettings = {
				ALWAYS_SEARCH_USER_PATHS = NO;
				CLANG_CXX_LANGUAGE_STANDARD = "gnu++0x";
				CLANG_CXX_LIBRARY = "libc++";
				CLANG_ENABLE_MODULES = YES;
				CLANG_ENABLE_OBJC_ARC = YES;
				CLANG_WARN_BOOL_CONVERSION = YES;
				CLANG_WARN_CONSTANT_CONVERSION = YES;
				CLANG_WARN_DIRECT_OBJC_ISA_USAGE = YES_ERROR;
				CLANG_WARN_EMPTY_BODY = YES;
				CLANG_WARN_ENUM_CONVERSION = YES;
				CLANG_WARN_INT_CONVERSION = YES;
				CLANG_WARN_OBJC_ROOT_CLASS = YES_ERROR;
				CLANG_WARN_UNREACHABLE_CODE = YES;
				CLANG_WARN__DUPLICATE_METHOD_MATCH = YES;
				"CODE_SIGN_IDENTITY[sdk=iphoneos*]" = "iPhone Developer";
				COPY_PHASE_STRIP = YES;
				ENABLE_NS_ASSERTIONS = NO;
				ENABLE_STRICT_OBJC_MSGSEND = YES;
				GCC_C_LANGUAGE_STANDARD = gnu99;
				GCC_WARN_64_TO_32_BIT_CONVERSION = YES;
				GCC_WARN_ABOUT_RETURN_TYPE = YES_ERROR;
				GCC_WARN_UNDECLARED_SELECTOR = YES;
				GCC_WARN_UNINITIALIZED_AUTOS = YES_AGGRESSIVE;
				GCC_WARN_UNUSED_FUNCTION = YES;
				GCC_WARN_UNUSED_VARIABLE = YES;
				IPHONEOS_DEPLOYMENT_TARGET = 8.1;
				MTL_ENABLE_DEBUG_INFO = NO;
				SDKROOT = iphoneos;
				VALIDATE_PRODUCT = YES;
			};
			name = Release;
		};
		94FAC3811A56800C00D33F76 /* Debug */ = {
			isa = XCBuildConfiguration;
			buildSettings = {
				ASSETCATALOG_COMPILER_APPICON_NAME = AppIcon;
				INFOPLIST_FILE = gamecenter/Info.plist;
				LD_RUNPATH_SEARCH_PATHS = "$(inherited) @executable_path/Frameworks";
				PRODUCT_NAME = "$(TARGET_NAME)";
			};
			name = Debug;
		};
		94FAC3821A56800C00D33F76 /* Release */ = {
			isa = XCBuildConfiguration;
			buildSettings = {
				ASSETCATALOG_COMPILER_APPICON_NAME = AppIcon;
				INFOPLIST_FILE = gamecenter/Info.plist;
				LD_RUNPATH_SEARCH_PATHS = "$(inherited) @executable_path/Frameworks";
				PRODUCT_NAME = "$(TARGET_NAME)";
			};
			name = Release;
		};
		94FAC3841A56800C00D33F76 /* Debug */ = {
			isa = XCBuildConfiguration;
			buildSettings = {
				BUNDLE_LOADER = "$(TEST_HOST)";
				FRAMEWORK_SEARCH_PATHS = (
					"$(SDKROOT)/Developer/Library/Frameworks",
					"$(inherited)",
				);
				GCC_PREPROCESSOR_DEFINITIONS = (
					"DEBUG=1",
					"$(inherited)",
				);
				INFOPLIST_FILE = gamecenterTests/Info.plist;
				LD_RUNPATH_SEARCH_PATHS = "$(inherited) @executable_path/Frameworks @loader_path/Frameworks";
				PRODUCT_NAME = "$(TARGET_NAME)";
				TEST_HOST = "$(BUILT_PRODUCTS_DIR)/gamecenter.app/gamecenter";
			};
			name = Debug;
		};
		94FAC3851A56800C00D33F76 /* Release */ = {
			isa = XCBuildConfiguration;
			buildSettings = {
				BUNDLE_LOADER = "$(TEST_HOST)";
				FRAMEWORK_SEARCH_PATHS = (
					"$(SDKROOT)/Developer/Library/Frameworks",
					"$(inherited)",
				);
				INFOPLIST_FILE = gamecenterTests/Info.plist;
				LD_RUNPATH_SEARCH_PATHS = "$(inherited) @executable_path/Frameworks @loader_path/Frameworks";
				PRODUCT_NAME = "$(TARGET_NAME)";
				TEST_HOST = "$(BUILT_PRODUCTS_DIR)/gamecenter.app/gamecenter";
			};
			name = Release;
		};
/* End XCBuildConfiguration section */

/* Begin XCConfigurationList section */
		94FAC35C1A56800C00D33F76 /* Build configuration list for PBXProject "gamecenter" */ = {
			isa = XCConfigurationList;
			buildConfigurations = (
				94FAC37E1A56800C00D33F76 /* Debug */,
				94FAC37F1A56800C00D33F76 /* Release */,
			);
			defaultConfigurationIsVisible = 0;
			defaultConfigurationName = Release;
		};
		94FAC3801A56800C00D33F76 /* Build configuration list for PBXNativeTarget "gamecenter" */ = {
			isa = XCConfigurationList;
			buildConfigurations = (
				94FAC3811A56800C00D33F76 /* Debug */,
				94FAC3821A56800C00D33F76 /* Release */,
			);
			defaultConfigurationIsVisible = 0;
		};
		94FAC3831A56800C00D33F76 /* Build configuration list for PBXNativeTarget "gamecenterTests" */ = {
			isa = XCConfigurationList;
			buildConfigurations = (
				94FAC3841A56800C00D33F76 /* Debug */,
				94FAC3851A56800C00D33F76 /* Release */,
			);
			defaultConfigurationIsVisible = 0;
		};
/* End XCConfigurationList section */
	};
	rootObject = 94FAC3591A56800C00D33F76 /* Project object */;
}
